
Microsoft Visual Studio Solution File, Format Version 11.00
# Visual Studio 2010
Project("{FAE04EC0-301F-11D3-BF4B-00C04F79EFBC}") = "ResultFormattingExtension", "ResultFormattingExtension\ResultFormattingExtension.csproj", "{1B98332F-99C9-4507-9FCD-93E3EF7E5EA0}"
EndProject
Global
	GlobalSection(SolutionConfigurationPlatforms) = preSolution
		Debug|Any CPU = Debug|Any CPU
		Release|Any CPU = Release|Any CPU
	EndGlobalSection
	GlobalSection(ProjectConfigurationPlatforms) = postSolution
		{1B98332F-99C9-4507-9FCD-93E3EF7E5EA0}.Debug|Any CPU.ActiveCfg = Debug|Any CPU
		{1B98332F-99C9-4507-9FCD-93E3EF7E5EA0}.Debug|Any CPU.Build.0 = Debug|Any CPU
		{1B98332F-99C9-4507-9FCD-93E3EF7E5EA0}.Release|Any CPU.ActiveCfg = Release|Any CPU
		{1B98332F-99C9-4507-9FCD-93E3EF7E5EA0}.Release|Any CPU.Build.0 = Release|Any CPU
	EndGlobalSection
	GlobalSection(SolutionProperties) = preSolution
		HideSolutionNode = FALSE
	EndGlobalSection
EndGlobal
